PODS:
  - Alamofire (4.8.2)
  - AliyunOSSiOS (2.10.7)
  - Differentiator (4.0.1)
  - JCore (2.0.0)
  - JPush (3.2.0):
    - JCore (< 3.0.0, >= 2.0.0)
  - Kingfisher (5.4.0)
  - MJRefresh (3.2.0)
  - ObjectMapper (3.4.2)
  - RxCocoa (5.0.0):
    - RxRelay (~> 5)
    - RxSwift (~> 5)
  - RxDataSources (4.0.1):
    - Differentiator (~> 4.0)
    - RxCocoa (~> 5.0)
    - RxSwift (~> 5.0)
  - RxOptional (4.0.0):
    - RxCocoa (~> 5)
    - RxSwift (~> 5)
  - RxRelay (5.0.0):
    - RxSwift (~> 5)
  - RxSwift (5.0.0)
  - SnapKit (5.0.0)
  - SVProgressHUD (2.2.5)
  - UMCAnalytics (6.0.3):
    - UMCCommon
  - UMCCommon (2.0.1)
  - UMCPush (3.2.4):
    - UMCCommon
  - UMCSecurityPlugins (1.0.6)
  - UMCShare/Core (6.9.5):
    - UMCCommon
  - UMCShare/Social/QQ (6.9.5):
    - UMCCommon
    - UMCShare/Core
    - UMCShare/Social/ReducedQQ
  - UMCShare/Social/ReducedQQ (6.9.5):
    - UMCCommon
    - UMCShare/Core
  - UMCShare/Social/ReducedWeChat (6.9.5):
    - UMCCommon
    - UMCShare/Core
  - UMCShare/Social/WeChat (6.9.5):
    - UMCCommon
    - UMCShare/Core
    - UMCShare/Social/ReducedWeChat
  - WLAttributedLabel (1.0.1)
  - WLBaseRouter (1.0.1)
  - WLBaseTableView (1.3.4):
    - WLBaseTableView/ASM (= 1.3.4)
    - WLBaseTableView/BTV (= 1.3.4)
    - WLBaseTableView/BTVC (= 1.3.4)
    - WLBaseTableView/Empty (= 1.3.4)
    - WLBaseTableView/RTV (= 1.3.4)
    - WLBaseTableView/SM (= 1.3.4)
  - WLBaseTableView/ASM (1.3.4):
    - RxDataSources
    - WLToolsKit/Common
  - WLBaseTableView/BTV (1.3.4):
    - RxSwift
    - WLBaseTableView/Empty/EmptyView
    - WLToolsKit/Color
    - WLToolsKit/Then
  - WLBaseTableView/BTVC (1.3.4):
    - WLToolsKit/Color
    - WLToolsKit/Then
  - WLBaseTableView/Empty (1.3.4):
    - WLBaseTableView/Empty/EmptyDataSource (= 1.3.4)
    - WLBaseTableView/Empty/EmptyView (= 1.3.4)
  - WLBaseTableView/Empty/EmptyDataSource (1.3.4)
  - WLBaseTableView/Empty/EmptyView (1.3.4):
    - WLBaseTableView/Empty/EmptyDataSource
  - WLBaseTableView/RTV (1.3.4):
    - MJRefresh
    - RxCocoa
    - WLBaseTableView/BTV
  - WLBaseTableView/SM (1.3.4):
    - RxDataSources
  - WLBaseViewController (1.2.0):
    - WLBaseViewController/BaseViewController (= 1.2.0)
    - WLBaseViewController/Config (= 1.2.0)
    - WLBaseViewController/Inner (= 1.2.0)
    - WLBaseViewController/Loading (= 1.2.0)
    - WLBaseViewController/Navi (= 1.2.0)
    - WLBaseViewController/Orientation (= 1.2.0)
    - WLBaseViewController/Tab (= 1.2.0)
  - WLBaseViewController/BaseViewController (1.2.0):
    - WLBaseViewController/Config
    - WLBaseViewController/Navi/NaviController
  - WLBaseViewController/Config (1.2.0)
  - WLBaseViewController/Inner (1.2.0):
    - WLBaseViewController/Loading
    - WLToolsKit/Common
    - WLToolsKit/Then
  - WLBaseViewController/Loading (1.2.0):
    - WLBaseViewController/BaseViewController
    - WLBaseViewController/Config
    - WLToolsKit/Color
    - WLToolsKit/Common
    - WLToolsKit/Then
  - WLBaseViewController/Navi (1.2.0):
    - WLBaseViewController/Navi/NaviConfig (= 1.2.0)
    - WLBaseViewController/Navi/NaviController (= 1.2.0)
    - WLBaseViewController/Navi/NaviItem (= 1.2.0)
  - WLBaseViewController/Navi/NaviConfig (1.2.0)
  - WLBaseViewController/Navi/NaviController (1.2.0):
    - WLBaseViewController/Navi/NaviConfig
    - WLBaseViewController/Navi/NaviItem
    - WLBaseViewController/Orientation
    - WLToolsKit/Color
    - WLToolsKit/NaviBar
  - WLBaseViewController/Navi/NaviItem (1.2.0):
    - WLToolsKit/Then
  - WLBaseViewController/Orientation (1.2.0)
  - WLBaseViewController/Tab (1.2.0):
    - WLBaseViewController/Config
    - WLBaseViewController/Navi/NaviController
    - WLBaseViewController/Orientation
    - WLToolsKit/Color
  - WLBaseViewModel (1.0.4)
  - WLComponentView (0.0.6):
    - WLComponentView/Draw (= 0.0.6)
    - WLComponentView/Picker (= 0.0.6)
    - WLComponentView/TextFeild (= 0.0.6)
  - WLComponentView/Draw (0.0.6)
  - WLComponentView/Picker (0.0.6):
    - WLComponentView/Picker/DatePicker (= 0.0.6)
  - WLComponentView/Picker/DatePicker (0.0.6)
  - WLComponentView/TextFeild (0.0.6):
    - WLComponentView/TextFeild/Base (= 0.0.6)
    - WLComponentView/TextFeild/LeftImage (= 0.0.6)
    - WLComponentView/TextFeild/LeftTitle (= 0.0.6)
    - WLComponentView/TextFeild/NickName (= 0.0.6)
    - WLComponentView/TextFeild/Password (= 0.0.6)
    - WLComponentView/TextFeild/Setting (= 0.0.6)
    - WLComponentView/TextFeild/Vcode (= 0.0.6)
  - WLComponentView/TextFeild/Base (0.0.6):
    - WLComponentView/TextFeild/Setting
    - WLToolsKit/Then
  - WLComponentView/TextFeild/LeftImage (0.0.6):
    - WLComponentView/TextFeild/Base
  - WLComponentView/TextFeild/LeftTitle (0.0.6):
    - WLComponentView/TextFeild/Base
    - WLToolsKit/Color
  - WLComponentView/TextFeild/NickName (0.0.6):
    - WLComponentView/TextFeild/Base
  - WLComponentView/TextFeild/Password (0.0.6):
    - WLComponentView/TextFeild/LeftImage
    - WLComponentView/TextFeild/LeftTitle
  - WLComponentView/TextFeild/Setting (0.0.6)
  - WLComponentView/TextFeild/Vcode (0.0.6):
    - WLComponentView/TextFeild/LeftImage
    - WLComponentView/TextFeild/LeftTitle
  - WLReqKit (0.1.4):
    - WLReqKit/Error (= 0.1.4)
    - WLReqKit/Func (= 0.1.4)
    - WLReqKit/RXReq (= 0.1.4)
  - WLReqKit/Error (0.1.4):
    - Alamofire
    - ObjectMapper
  - WLReqKit/Func (0.1.4):
    - Alamofire
    - RxSwift
    - WLReqKit/Error
    - WLReqKit/RXReq
    - WLToolsKit/Image
  - WLReqKit/RXReq (0.1.4):
    - Alamofire
  - WLThirdUtil (0.0.5):
    - WLThirdUtil/Ali (= 0.0.5)
    - WLThirdUtil/Cache (= 0.0.5)
    - WLThirdUtil/Hud (= 0.0.5)
    - WLThirdUtil/JPush (= 0.0.5)
    - WLThirdUtil/UM (= 0.0.5)
  - WLThirdUtil/Ali (0.0.5):
    - WLThirdUtil/Ali/ObjCache (= 0.0.5)
  - WLThirdUtil/Ali/ObjCache (0.0.5):
    - AliyunOSSiOS
  - WLThirdUtil/Cache (0.0.5):
    - YYCache
  - WLThirdUtil/Hud (0.0.5):
    - SVProgressHUD
  - WLThirdUtil/JPush (0.0.5):
    - JPush
  - WLThirdUtil/UM (0.0.5):
    - WLThirdUtil/UM/Base (= 0.0.5)
    - WLThirdUtil/UM/Push (= 0.0.5)
    - WLThirdUtil/UM/Share (= 0.0.5)
    - WLThirdUtil/UM/Statistics (= 0.0.5)
  - WLThirdUtil/UM/Base (0.0.5):
    - UMCAnalytics
    - UMCCommon
    - UMCSecurityPlugins
  - WLThirdUtil/UM/Push (0.0.5):
    - UMCPush
    - WLThirdUtil/UM/Base
  - WLThirdUtil/UM/Share (0.0.5):
    - UMCShare/Social/QQ
    - UMCShare/Social/WeChat
    - WLThirdUtil/UM/Base
  - WLThirdUtil/UM/Statistics (0.0.5):
    - UMCCommon
    - UMCSecurityPlugins
    - WLThirdUtil/UM/Base
  - WLToolsKit (1.3.1):
    - WLToolsKit/AppStore (= 1.3.1)
    - WLToolsKit/Color (= 1.3.1)
    - WLToolsKit/Common (= 1.3.1)
    - WLToolsKit/Date (= 1.3.1)
    - WLToolsKit/DeviceInfo (= 1.3.1)
    - WLToolsKit/Image (= 1.3.1)
    - WLToolsKit/JsonCast (= 1.3.1)
    - WLToolsKit/NaviBar (= 1.3.1)
    - WLToolsKit/OpenUrl (= 1.3.1)
    - WLToolsKit/String (= 1.3.1)
    - WLToolsKit/Swizzling (= 1.3.1)
    - WLToolsKit/Then (= 1.3.1)
  - WLToolsKit/AppStore (1.3.1):
    - WLToolsKit/OpenUrl
  - WLToolsKit/Color (1.3.1):
    - WLToolsKit/String
  - WLToolsKit/Common (1.3.1):
    - WLToolsKit/Date
  - WLToolsKit/Date (1.3.1)
  - WLToolsKit/DeviceInfo (1.3.1):
    - WLToolsKit/Common
  - WLToolsKit/Image (1.3.1):
    - WLToolsKit/Color
    - WLToolsKit/Common
  - WLToolsKit/JsonCast (1.3.1)
  - WLToolsKit/NaviBar (1.3.1)
  - WLToolsKit/OpenUrl (1.3.1)
  - WLToolsKit/String (1.3.1)
  - WLToolsKit/Swizzling (1.3.1)
  - WLToolsKit/Then (1.3.1)
  - YYCache (1.0.4)

DEPENDENCIES:
  - AliyunOSSiOS
  - Kingfisher
  - ObjectMapper
  - RxCocoa
  - RxDataSources
  - RxOptional
  - RxSwift
  - SnapKit
  - WLAttributedLabel
  - WLBaseRouter
  - WLBaseTableView
  - WLBaseViewController
  - WLBaseViewModel
  - WLComponentView
  - WLReqKit
  - WLThirdUtil
  - WLToolsKit

SPEC REPOS:
  https://github.com/cocoapods/specs.git:
    - Alamofire
    - AliyunOSSiOS
    - Differentiator
    - JCore
    - JPush
    - Kingfisher
    - MJRefresh
    - ObjectMapper
    - RxCocoa
    - RxDataSources
    - RxOptional
    - RxRelay
    - RxSwift
    - SnapKit
    - SVProgressHUD
    - UMCAnalytics
    - UMCCommon
    - UMCPush
    - UMCSecurityPlugins
    - UMCShare
    - WLAttributedLabel
    - WLBaseRouter
    - WLBaseTableView
    - WLBaseViewController
    - WLBaseViewModel
    - WLComponentView
    - WLReqKit
    - WLThirdUtil
    - WLToolsKit
    - YYCache

SPEC CHECKSUMS:
  Alamofire: ae5c501addb7afdbb13687d7f2f722c78734c2d3
  AliyunOSSiOS: 602b6a4e70e62a5f0a6431c20496343141d7e66f
  Differentiator: 886080237d9f87f322641dedbc5be257061b0602
  JCore: b962a2a1a61dc911ce5e79ba3ff21a95edaf5d23
  JPush: 8459e7a709ad86f95884fcb49cbd57a6da24744e
  Kingfisher: 9c8f2cc6710334e06f32ba2b45e77707d5e2f0c9
  MJRefresh: ed450d6eb9d3346a2cb033ab7eb6de090aeef437
  ObjectMapper: 0d4402610f4e468903ae64629eec4784531e5c51
  RxCocoa: fcf32050ac00d801f34a7f71d5e8e7f23026dcd8
  RxDataSources: efee07fa4de48477eca0a4611e6d11e2da9c1114
  RxOptional: 9904e2219d59260c3c171273d475b2126de187e8
  RxRelay: 4f7409406a51a55cd88483f21ed898c234d60f18
  RxSwift: 8b0671caa829a763bbce7271095859121cbd895f
  SnapKit: fd22d10eb9aff484d79a8724eab922c1ddf89bcf
  SVProgressHUD: 1428aafac632c1f86f62aa4243ec12008d7a51d6
  UMCAnalytics: ff58714ada407682c4a07548156f94bcec92f055
  UMCCommon: 0263a057a2e1ae1da4c8308541e56904a493ce13
  UMCPush: 1edd856027dcf905333effb4040ace5d236a7316
  UMCSecurityPlugins: 0831a08f3988f3cea9f1d3a7626cd9bee4fef150
  UMCShare: 552b29753f1b4da87b51d96545ed19e6263df397
  WLAttributedLabel: 776ad563cea7ae785dc9b27fcb1d7ae84288d226
  WLBaseRouter: 38097b576311d6725fea36eaa45f51e46c9da526
  WLBaseTableView: 61ef0fcfdc97416a18b536ca8ce217e3eaf8f1a5
  WLBaseViewController: 8b7fe09e1d536a15adbc5610b9cf8f909fdb5b80
  WLBaseViewModel: 19ba0b2b0a03c37a6e671a6a7b193562f2953ddf
  WLComponentView: 58e5d11fc7c0a9aa10c7a701d087edecb1fce4ca
  WLReqKit: 132aa67f9a823f841c09be3eaaa07f3b7e14f72a
  WLThirdUtil: 434579e096132fbdbc7ee54547bb51c001819506
  WLToolsKit: f9b5e33ec37bc4a27285a9f8d21d11de8073449d
  YYCache: 8105b6638f5e849296c71f331ff83891a4942952

PODFILE CHECKSUM: 15a7bd337f57c4348e509c2a05a719da80ed662c

COCOAPODS: 1.7.0.beta.3
